<?xml version="1.0" encoding="UTF-8"?>
<Scheme
   version = "1.3">
   <BuildAction>
      <BuildActionEntries>
         <BuildActionEntry
            buildForRunning = "YES">
            <BuildableReference
               BuildableIdentifier = "primary"
               BlueprintIdentifier = "1A9A0045FE74A8D668418333"
               BuildableName = "TapTheSquare.app"
               BlueprintName = "TapTheSquare"
               ReferencedContainer = "container:TapTheSquare.xcodeproj">
            </BuildableReference>
         </BuildActionEntry>
      </BuildActionEntries>
   </BuildAction>
   <LaunchAction
      useCustomWorkingDirectory = "NO"
      buildConfiguration = "Debug">
      <BuildableProductRunnable>
         <BuildableReference
            BuildableIdentifier = "primary"
            BlueprintIdentifier = "1A9A0045FE74A8D668418333"
            BuildableName = "TapTheSquare.app"
            BlueprintName = "TapTheSquare"
            ReferencedContainer = "container:TapTheSquare.xcodeproj">
         </BuildableReference>
      </BuildableProductRunnable>
   </LaunchAction>
</Scheme>
