// !$*UTF8*$!
{
	archiveVersion = 1;
	classes = {
	};
	objectVersion = 46;
	objects = {

/* Begin PBXBuildFile section */
		1A9A0004B32ED056A7EA5459 /* Main_iPhone.storyboard in Resources */ = {isa = PBXBuildFile; fileRef = 1A9A02321783F0E67FCCE868 /* Main_iPhone.storyboard */; };
		1A9A001717CFFEF25739D228 /* Localizable.strings in Resources */ = {isa = PBXBuildFile; fileRef = 1A9A075A3AB1265D15DEDF31 /* Localizable.strings */; };
		1A9A00862C9A9C47110C5910 /* Localizable.strings in Resources */ = {isa = PBXBuildFile; fileRef = 1A9A0E59C4F98BFD0F20A2A8 /* Localizable.strings */; };
		1A9A0134E56DA1E9E99DBA1E /* Localizable.strings in Resources */ = {isa = PBXBuildFile; fileRef = 1A9A0B40DD25AB024A52D516 /* Localizable.strings */; };
		1A9A0152B897B609ADBBEFF5 /* square@2x.png in Resources */ = {isa = PBXBuildFile; fileRef = 1A9A0E0C9085C797D881A77E /* square@2x.png */; };
		1A9A021F600CCF72E760E6EC /* Main_iPad.storyboard in Resources */ = {isa = PBXBuildFile; fileRef = 1A9A0732BC0FA2F3B58E75FB /* Main_iPad.storyboard */; };
		1A9A0227A310179E8E0D0928 /* Localizable.strings in Resources */ = {isa = PBXBuildFile; fileRef = 1A9A060F63A75367E7DA1CCE /* Localizable.strings */; };
		1A9A02D126157A6F90431ECB /* iRate.m in Sources */ = {isa = PBXBuildFile; fileRef = 1A9A0A856670897334C3BA91 /* iRate.m */; };
		1A9A02E11698153C76E956E5 /* Localizable.strings in Resources */ = {isa = PBXBuildFile; fileRef = 1A9A028020EA8F045FE36E63 /* Localizable.strings */; };
		1A9A031B844BE1900515EEC9 /* Localizable.strings in Resources */ = {isa = PBXBuildFile; fileRef = 1A9A0E69CFF693005B73AB86 /* Localizable.strings */; };
		1A9A032489A20FA64E773D1F /* GameKit.framework in Frameworks */ = {isa = PBXBuildFile; fileRef = 1A9A030190EA72B09E71140B /* GameKit.framework */; };
		1A9A0327A0E4F8104372181D /* Localizable.strings in Resources */ = {isa = PBXBuildFile; fileRef = 1A9A0E6BFE9A5663D207F64F /* Localizable.strings */; };
		1A9A036D2B20FBC1510E4899 /* XCTest.framework in Frameworks */ = {isa = PBXBuildFile; fileRef = 1A9A0E038C31DD2605DFF71D /* XCTest.framework */; };
		1A9A03CAF8D40045818A0963 /* Localizable.strings in Resources */ = {isa = PBXBuildFile; fileRef = 1A9A076D2C2C8058F27B2ABA /* Localizable.strings */; };
		1A9A03E748F1F7E9B02E0438 /* Localizable.strings in Resources */ = {isa = PBXBuildFile; fileRef = 1A9A03C9F617B94079EFFCFF /* Localizable.strings */; };
		1A9A04272086B1CBC304D66F /* Localizable.strings in Resources */ = {isa = PBXBuildFile; fileRef = 1A9A080F862B952E97209A46 /* Localizable.strings */; };
		1A9A04B56ED63EF9C090E85B /* square_fail@2x.png in Resources */ = {isa = PBXBuildFile; fileRef = 1A9A04428A88677F2681411E /* square_fail@2x.png */; };
		1A9A04F984BEC65222AB2D37 /* Localizable.strings in Resources */ = {isa = PBXBuildFile; fileRef = 1A9A0DA52E216854ED71A442 /* Localizable.strings */; };
		1A9A054FAD58114B323D8BFA /* InfoPlist.strings in Resources */ = {isa = PBXBuildFile; fileRef = 1A9A088B8B703660358DEA88 /* InfoPlist.strings */; };
		1A9A05636E9D7A528D1ABC6C /* Localizable.strings in Resources */ = {isa = PBXBuildFile; fileRef = 1A9A05EEF31C6BF223E39E55 /* Localizable.strings */; };
		1A9A0570B51421180A7A83AD /* Localizable.strings in Resources */ = {isa = PBXBuildFile; fileRef = 1A9A04DEE72F7958E026E1E9 /* Localizable.strings */; };
		1A9A0582168A227137B39B30 /* Images.xcassets in Resources */ = {isa = PBXBuildFile; fileRef = 1A9A06814C087C89157C0BCE /* Images.xcassets */; };
		1A9A0588E48CC4ACED308FB5 /* Foundation.framework in Frameworks */ = {isa = PBXBuildFile; fileRef = 1A9A0DED82599A10A6AA3444 /* Foundation.framework */; };
		1A9A0593040AEEF44E62400A /* Localizable.strings in Resources */ = {isa = PBXBuildFile; fileRef = 1A9A09DA57136221D272E1EA /* Localizable.strings */; };
		1A9A05B70EE238E6F2F8F443 /* Localizable.strings in Resources */ = {isa = PBXBuildFile; fileRef = 1A9A045AD67A523DC7150BF3 /* Localizable.strings */; };
		1A9A0617BEB9B718E84BBE20 /* TapTheSquareTests.m in Sources */ = {isa = PBXBuildFile; fileRef = 1A9A0F961756CA9176E1A813 /* TapTheSquareTests.m */; };
		1A9A064FE33ED1BBF9C5E453 /* Localizable.strings in Resources */ = {isa = PBXBuildFile; fileRef = 1A9A0DEC526B8DC1817FC9F1 /* Localizable.strings */; };
		1A9A06F81E18FE1C73F4C173 /* Localizable.strings in Resources */ = {isa = PBXBuildFile; fileRef = 1A9A0F24895C6EFDF53B86D5 /* Localizable.strings */; };
		1A9A07ACBD37C739236564CA /* Localizable.strings in Resources */ = {isa = PBXBuildFile; fileRef = 1A9A04690A24425055906C61 /* Localizable.strings */; };
		1A9A07CF9B8BD89779518DE0 /* Localizable.strings in Resources */ = {isa = PBXBuildFile; fileRef = 1A9A0C5A81D0497B9003490B /* Localizable.strings */; };
		1A9A07F95961FA3B8EC61ECC /* Localizable.strings in Resources */ = {isa = PBXBuildFile; fileRef = 1A9A0093DB3248D30F1DB419 /* Localizable.strings */; };
		1A9A085BA8EEA39F565D02B3 /* UIKit.framework in Frameworks */ = {isa = PBXBuildFile; fileRef = 1A9A088B05FA8FCEF319CA31 /* UIKit.framework */; };
		1A9A08670E79CE17440BC20F /* Localizable.strings in Resources */ = {isa = PBXBuildFile; fileRef = 1A9A024F6A734C89A4D03A06 /* Localizable.strings */; };
		1A9A08841C2A3DDF244017CC /* UIKit.framework in Frameworks */ = {isa = PBXBuildFile; fileRef = 1A9A088B05FA8FCEF319CA31 /* UIKit.framework */; };
		1A9A08A156D463065B374002 /* main.m in Sources */ = {isa = PBXBuildFile; fileRef = 1A9A003F94618578D2BC496D /* main.m */; };
		1A9A08DAF53EC49DB9D56CFE /* NAGAppDelegate.m in Sources */ = {isa = PBXBuildFile; fileRef = 1A9A029A699774CEAF49B7AD /* NAGAppDelegate.m */; };
		1A9A09085F4A2EB9A450165D /* Localizable.strings in Resources */ = {isa = PBXBuildFile; fileRef = 1A9A0CCF5966084D98E50592 /* Localizable.strings */; };
		1A9A092B3840B1539ABE2CE0 /* Localizable.strings in Resources */ = {isa = PBXBuildFile; fileRef = 1A9A0520EF44FEA8408B4AEE /* Localizable.strings */; };
		1A9A099B01948785D36332BB /* SpriteKit.framework in Frameworks */ = {isa = PBXBuildFile; fileRef = 1A9A0D587EA0F94D468E24D8 /* SpriteKit.framework */; };
		1A9A09A9FDA8271D8BB400BD /* Localizable.strings in Resources */ = {isa = PBXBuildFile; fileRef = 1A9A088E07794C458C701D33 /* Localizable.strings */; };
		1A9A09DA065306F76031D81B /* Localizable.strings in Resources */ = {isa = PBXBuildFile; fileRef = 1A9A0D9385806189E1DB5E80 /* Localizable.strings */; };
		1A9A0A09F71BD7FD34672346 /* Localizable.strings in Resources */ = {isa = PBXBuildFile; fileRef = 1A9A009B1AA16E90BDCC244C /* Localizable.strings */; };
		1A9A0A9C07E697E67D69E441 /* NAGMyScene.m in Sources */ = {isa = PBXBuildFile; fileRef = 1A9A07B852A5A1BD35D37213 /* NAGMyScene.m */; };
		1A9A0AF9F67FBF48B98B6F10 /* CoreGraphics.framework in Frameworks */ = {isa = PBXBuildFile; fileRef = 1A9A01C2C4234AC2F582860F /* CoreGraphics.framework */; };
		1A9A0B3E5431222C9CFA9954 /* Localizable.strings in Resources */ = {isa = PBXBuildFile; fileRef = 1A9A0223EEF948CD8DF7584F /* Localizable.strings */; };
		1A9A0B5F1856D4A717F4C37F /* InfoPlist.strings in Resources */ = {isa = PBXBuildFile; fileRef = 1A9A05A737DD70AB12B9CD87 /* InfoPlist.strings */; };
		1A9A0B60CA760F01AF269C72 /* square_ad@2x.png in Resources */ = {isa = PBXBuildFile; fileRef = 1A9A04C297387709FB6F5219 /* square_ad@2x.png */; };
		1A9A0C1EAE6F6834148AD125 /* Localizable.strings in Resources */ = {isa = PBXBuildFile; fileRef = 1A9A0DC7D24DFA82CEEFFF35 /* Localizable.strings */; };
		1A9A0CC1696EF47244050A55 /* NAGViewController.m in Sources */ = {isa = PBXBuildFile; fileRef = 1A9A086E91BEC1DB109A604B /* NAGViewController.m */; };
		1A9A0CC1CDC6D70CA064D67A /* Localizable.strings in Resources */ = {isa = PBXBuildFile; fileRef = 1A9A02DAF2BC89181986B436 /* Localizable.strings */; };
		1A9A0E14301572651DE34861 /* Localizable.strings in Resources */ = {isa = PBXBuildFile; fileRef = 1A9A0ECF27E33B9D437FE063 /* Localizable.strings */; };
		1A9A0E5BBD5F518F8992BF41 /* Localizable.strings in Resources */ = {isa = PBXBuildFile; fileRef = 1A9A00C2E4B5E9A71ED983D8 /* Localizable.strings */; };
		1A9A0ED113A53C8186891FDD /* Foundation.framework in Frameworks */ = {isa = PBXBuildFile; fileRef = 1A9A0DED82599A10A6AA3444 /* Foundation.framework */; };
		1A9A0F00781226F602E006F8 /* Localizable.strings in Resources */ = {isa = PBXBuildFile; fileRef = 1A9A0BF8F579850485F15D63 /* Localizable.strings */; };
		1A9A0F0D40BAB52B7ECEA5C0 /* square_clear@2x.png in Resources */ = {isa = PBXBuildFile; fileRef = 1A9A0B29F41412BD73238601 /* square_clear@2x.png */; };
		1A9A0F8B1FD149FFAE0D32A8 /* Localizable.strings in Resources */ = {isa = PBXBuildFile; fileRef = 1A9A078EB4FC663C6BBB1999 /* Localizable.strings */; };
		1A9A0FA4A914F0C0DBC1E390 /* Localizable.strings in Resources */ = {isa = PBXBuildFile; fileRef = 1A9A0BCD5898126D91710417 /* Localizable.strings */; };
		1A9A0FAE279D617547533CEE /* Localizable.strings in Resources */ = {isa = PBXBuildFile; fileRef = 1A9A09305B6428346134F00B /* Localizable.strings */; };
		D5A5B5BB193862E100C56831 /* CooperBlackStd.otf in Resources */ = {isa = PBXBuildFile; fileRef = D5A5B5BA193862E100C56831 /* CooperBlackStd.otf */; };
/* End PBXBuildFile section */

/* Begin PBXContainerItemProxy section */
		1A9A0DF3F6049AAB92FF8038 /* PBXContainerItemProxy */ = {
			isa = PBXContainerItemProxy;
			containerPortal = 1A9A08F5FD39A2A45AEF9A7E /* Project object */;
			proxyType = 1;
			remoteGlobalIDString = 1A9A0045FE74A8D668418333;
			remoteInfo = TapTheSquare;
		};
/* End PBXContainerItemProxy section */

/* Begin PBXFileReference section */
		1A9A003F94618578D2BC496D /* main.m */ = {isa = PBXFileReference; lastKnownFileType = sourcecode.c.objc; path = main.m; sourceTree = "<group>"; };
		1A9A0062AC579B8CD483B0C2 /* NAGAppDelegate.h */ = {isa = PBXFileReference; fileEncoding = 4; lastKnownFileType = sourcecode.c.h; path = NAGAppDelegate.h; sourceTree = "<group>"; };
		1A9A00FE426B3AEE73381B2C /* vi */ = {isa = PBXFileReference; fileEncoding = 4; lastKnownFileType = text.plist.strings; name = vi; path = Localizable.strings; sourceTree = "<group>"; };
		1A9A014F6CE7DB3704B8E9B1 /* Base */ = {isa = PBXFileReference; lastKnownFileType = file.storyboard; name = Base; path = Base.lproj/Main_iPhone.storyboard; sourceTree = "<group>"; };
		1A9A014FA09C70D2FF1B9980 /* ur-IN */ = {isa = PBXFileReference; fileEncoding = 4; lastKnownFileType = text.plist.strings; name = "ur-IN"; path = Localizable.strings; sourceTree = "<group>"; };
		1A9A018ED6CDD0D6E4E064FB /* uk */ = {isa = PBXFileReference; fileEncoding = 4; lastKnownFileType = text.plist.strings; name = uk; path = Localizable.strings; sourceTree = "<group>"; };
		1A9A01A330BFDC1AF88C7742 /* zh-Hans */ = {isa = PBXFileReference; fileEncoding = 4; lastKnownFileType = text.plist.strings; name = "zh-Hans"; path = Localizable.strings; sourceTree = "<group>"; };
		1A9A01AEBBE4872CF83C0FC9 /* id */ = {isa = PBXFileReference; fileEncoding = 4; lastKnownFileType = text.plist.strings; name = id; path = Localizable.strings; sourceTree = "<group>"; };
		1A9A01C2C4234AC2F582860F /* CoreGraphics.framework */ = {isa = PBXFileReference; lastKnownFileType = wrapper.framework; name = CoreGraphics.framework; path = System/Library/Frameworks/CoreGraphics.framework; sourceTree = SDKROOT; };
		1A9A01EDF04158DF4C4B5F4D /* th */ = {isa = PBXFileReference; fileEncoding = 4; lastKnownFileType = text.plist.strings; name = th; path = Localizable.strings; sourceTree = "<group>"; };
		1A9A01F56339F6EAAD2005E1 /* ko */ = {isa = PBXFileReference; fileEncoding = 4; lastKnownFileType = text.plist.strings; name = ko; path = Localizable.strings; sourceTree = "<group>"; };
		1A9A01F5D9A4EAB40DFFDECE /* pt */ = {isa = PBXFileReference; fileEncoding = 4; lastKnownFileType = text.plist.strings; name = pt; path = Localizable.strings; sourceTree = "<group>"; };
		1A9A023625714E34627F695F /* fa */ = {isa = PBXFileReference; fileEncoding = 4; lastKnownFileType = text.plist.strings; name = fa; path = Localizable.strings; sourceTree = "<group>"; };
		1A9A023640A793E9D42B1B6B /* TapTheSquareTests.xctest */ = {isa = PBXFileReference; explicitFileType = wrapper.cfbundle; includeInIndex = 0; path = TapTheSquareTests.xctest; sourceTree = BUILT_PRODUCTS_DIR; };
		1A9A0240732D660976897613 /* it */ = {isa = PBXFileReference; fileEncoding = 4; lastKnownFileType = text.plist.strings; name = it; path = Localizable.strings; sourceTree = "<group>"; };
		1A9A028BA2D1D17BD12B546D /* en */ = {isa = PBXFileReference; lastKnownFileType = text.plist.strings; name = en; path = en.lproj/InfoPlist.strings; sourceTree = "<group>"; };
		1A9A029A699774CEAF49B7AD /* NAGAppDelegate.m */ = {isa = PBXFileReference; fileEncoding = 4; lastKnownFileType = sourcecode.c.objc; path = NAGAppDelegate.m; sourceTree = "<group>"; };
		1A9A02B25D615DF7F2C02A6F /* he */ = {isa = PBXFileReference; fileEncoding = 4; lastKnownFileType = text.plist.strings; name = he; path = Localizable.strings; sourceTree = "<group>"; };
		1A9A02FECF3D2FC23B947BE2 /* no */ = {isa = PBXFileReference; fileEncoding = 4; lastKnownFileType = text.plist.strings; name = no; path = Localizable.strings; sourceTree = "<group>"; };
		1A9A030190EA72B09E71140B /* GameKit.framework */ = {isa = PBXFileReference; lastKnownFileType = wrapper.framework; name = GameKit.framework; path = System/Library/Frameworks/GameKit.framework; sourceTree = SDKROOT; };
		1A9A034BFAD84005AE7DADF6 /* sk */ = {isa = PBXFileReference; fileEncoding = 4; lastKnownFileType = text.plist.strings; name = sk; path = Localizable.strings; sourceTree = "<group>"; };
		1A9A03745BC2C455538D7371 /* NAGViewController.h */ = {isa = PBXFileReference; fileEncoding = 4; lastKnownFileType = sourcecode.c.h; path = NAGViewController.h; sourceTree = "<group>"; };
		1A9A03863F0BF474A0BC0A0B /* Base */ = {isa = PBXFileReference; lastKnownFileType = file.storyboard; name = Base; path = Base.lproj/Main_iPad.storyboard; sourceTree = "<group>"; };
		1A9A03981861B2B048CA42EC /* sv */ = {isa = PBXFileReference; fileEncoding = 4; lastKnownFileType = text.plist.strings; name = sv; path = Localizable.strings; sourceTree = "<group>"; };
		1A9A0418B2C8B68E270C2125 /* NAGMyScene.h */ = {isa = PBXFileReference; fileEncoding = 4; lastKnownFileType = sourcecode.c.h; path = NAGMyScene.h; sourceTree = "<group>"; };
		1A9A04428A88677F2681411E /* square_fail@2x.png */ = {isa = PBXFileReference; lastKnownFileType = image.png; path = "square_fail@2x.png"; sourceTree = "<group>"; };
		1A9A045790AA44420D9E8CDF /* en */ = {isa = PBXFileReference; lastKnownFileType = text.plist.strings; name = en; path = en.lproj/InfoPlist.strings; sourceTree = "<group>"; };
		1A9A046CA2CBBEE56E65BC21 /* fr */ = {isa = PBXFileReference; fileEncoding = 4; lastKnownFileType = text.plist.strings; name = fr; path = Localizable.strings; sourceTree = "<group>"; };
		1A9A04C297387709FB6F5219 /* square_ad@2x.png */ = {isa = PBXFileReference; lastKnownFileType = image.png; path = "square_ad@2x.png"; sourceTree = "<group>"; };
		1A9A0530C20A1ABE99D5B405 /* sl */ = {isa = PBXFileReference; fileEncoding = 4; lastKnownFileType = text.plist.strings; name = sl; path = Localizable.strings; sourceTree = "<group>"; };
		1A9A056EAF427CC974E275ED /* TapTheSquare-Prefix.pch */ = {isa = PBXFileReference; lastKnownFileType = sourcecode.c.h; path = "TapTheSquare-Prefix.pch"; sourceTree = "<group>"; };
		1A9A059C263A33C9C71C6B3A /* bn */ = {isa = PBXFileReference; fileEncoding = 4; lastKnownFileType = text.plist.strings; name = bn; path = Localizable.strings; sourceTree = "<group>"; };
		1A9A065A9A6DFF91011A58CB /* ru */ = {isa = PBXFileReference; fileEncoding = 4; lastKnownFileType = text.plist.strings; name = ru; path = Localizable.strings; sourceTree = "<group>"; };
		1A9A06814C087C89157C0BCE /* Images.xcassets */ = {isa = PBXFileReference; lastKnownFileType = folder.assetcatalog; path = Images.xcassets; sourceTree = "<group>"; };
		1A9A06C1E2286C5453C1A39A /* ur */ = {isa = PBXFileReference; fileEncoding = 4; lastKnownFileType = text.plist.strings; name = ur; path = Localizable.strings; sourceTree = "<group>"; };
		1A9A0732F014E585D5F7BC8B /* da */ = {isa = PBXFileReference; fileEncoding = 4; lastKnownFileType = text.plist.strings; name = da; path = Localizable.strings; sourceTree = "<group>"; };
		1A9A07B852A5A1BD35D37213 /* NAGMyScene.m */ = {isa = PBXFileReference; fileEncoding = 4; lastKnownFileType = sourcecode.c.objc; path = NAGMyScene.m; sourceTree = "<group>"; };
		1A9A0807DADCD199B17E03A1 /* pa */ = {isa = PBXFileReference; fileEncoding = 4; lastKnownFileType = text.plist.strings; name = pa; path = Localizable.strings; sourceTree = "<group>"; };
		1A9A0816532B870BEA544057 /* hi */ = {isa = PBXFileReference; fileEncoding = 4; lastKnownFileType = text.plist.strings; name = hi; path = Localizable.strings; sourceTree = "<group>"; };
		1A9A0821F91A527B7BD6FA0B /* cs */ = {isa = PBXFileReference; fileEncoding = 4; lastKnownFileType = text.plist.strings; name = cs; path = Localizable.strings; sourceTree = "<group>"; };
		1A9A082CFCBF85BE8A3B0CE8 /* ur-PK */ = {isa = PBXFileReference; fileEncoding = 4; lastKnownFileType = text.plist.strings; name = "ur-PK"; path = Localizable.strings; sourceTree = "<group>"; };
		1A9A086E91BEC1DB109A604B /* NAGViewController.m */ = {isa = PBXFileReference; fileEncoding = 4; lastKnownFileType = sourcecode.c.objc; path = NAGViewController.m; sourceTree = "<group>"; };
		1A9A088B05FA8FCEF319CA31 /* UIKit.framework */ = {isa = PBXFileReference; lastKnownFileType = wrapper.framework; name = UIKit.framework; path = System/Library/Frameworks/UIKit.framework; sourceTree = SDKROOT; };
		1A9A08DB610BF9CD4A2E4F0C /* TapTheSquareTests-Info.plist */ = {isa = PBXFileReference; lastKnownFileType = text.plist.info; path = "TapTheSquareTests-Info.plist"; sourceTree = "<group>"; };
		1A9A09398B0DBA7EC1CC83A0 /* ar */ = {isa = PBXFileReference; fileEncoding = 4; lastKnownFileType = text.plist.strings; name = ar; path = Localizable.strings; sourceTree = "<group>"; };
		1A9A09531BBA568E82F4AD00 /* TapTheSquare.app */ = {isa = PBXFileReference; explicitFileType = wrapper.application; includeInIndex = 0; path = TapTheSquare.app; sourceTree = BUILT_PRODUCTS_DIR; };
		1A9A09CCAFD807B109626EFA /* pl */ = {isa = PBXFileReference; fileEncoding = 4; lastKnownFileType = text.plist.strings; name = pl; path = Localizable.strings; sourceTree = "<group>"; };
		1A9A09D371EB7B8BF61528B4 /* tr */ = {isa = PBXFileReference; fileEncoding = 4; lastKnownFileType = text.plist.strings; name = tr; path = Localizable.strings; sourceTree = "<group>"; };
		1A9A09DADCC4856DF4AAAAA8 /* iRate.h */ = {isa = PBXFileReference; fileEncoding = 4; lastKnownFileType = sourcecode.c.h; path = iRate.h; sourceTree = "<group>"; };
		1A9A0A856670897334C3BA91 /* iRate.m */ = {isa = PBXFileReference; fileEncoding = 4; lastKnownFileType = sourcecode.c.objc; path = iRate.m; sourceTree = "<group>"; };
		1A9A0B29F41412BD73238601 /* square_clear@2x.png */ = {isa = PBXFileReference; lastKnownFileType = image.png; path = "square_clear@2x.png"; sourceTree = "<group>"; };
		1A9A0C87754601CA9C97DC4F /* es */ = {isa = PBXFileReference; fileEncoding = 4; lastKnownFileType = text.plist.strings; name = es; path = Localizable.strings; sourceTree = "<group>"; };
		1A9A0CC13C07A9F6957F9C22 /* ja */ = {isa = PBXFileReference; fileEncoding = 4; lastKnownFileType = text.plist.strings; name = ja; path = Localizable.strings; sourceTree = "<group>"; };
		1A9A0CD866D9B40D880E6B56 /* de-AT */ = {isa = PBXFileReference; fileEncoding = 4; lastKnownFileType = text.plist.strings; name = "de-AT"; path = Localizable.strings; sourceTree = "<group>"; };
		1A9A0D55C4AB9859CE137B26 /* el */ = {isa = PBXFileReference; fileEncoding = 4; lastKnownFileType = text.plist.strings; name = el; path = Localizable.strings; sourceTree = "<group>"; };
		1A9A0D587EA0F94D468E24D8 /* SpriteKit.framework */ = {isa = PBXFileReference; lastKnownFileType = wrapper.framework; name = SpriteKit.framework; path = System/Library/Frameworks/SpriteKit.framework; sourceTree = SDKROOT; };
		1A9A0DED82599A10A6AA3444 /* Foundation.framework */ = {isa = PBXFileReference; lastKnownFileType = wrapper.framework; name = Foundation.framework; path = System/Library/Frameworks/Foundation.framework; sourceTree = SDKROOT; };
		1A9A0E038C31DD2605DFF71D /* XCTest.framework */ = {isa = PBXFileReference; lastKnownFileType = wrapper.framework; name = XCTest.framework; path = Library/Frameworks/XCTest.framework; sourceTree = DEVELOPER_DIR; };
		1A9A0E0C9085C797D881A77E /* square@2x.png */ = {isa = PBXFileReference; lastKnownFileType = image.png; path = "square@2x.png"; sourceTree = "<group>"; };
		1A9A0EB79B856C8684B1B261 /* nl */ = {isa = PBXFileReference; fileEncoding = 4; lastKnownFileType = text.plist.strings; name = nl; path = Localizable.strings; sourceTree = "<group>"; };
		1A9A0ED97306448F8A49999F /* en */ = {isa = PBXFileReference; fileEncoding = 4; lastKnownFileType = text.plist.strings; name = en; path = Localizable.strings; sourceTree = "<group>"; };
		1A9A0EEA63B6D4E9BA4D1636 /* zh-Hant */ = {isa = PBXFileReference; fileEncoding = 4; lastKnownFileType = text.plist.strings; name = "zh-Hant"; path = Localizable.strings; sourceTree = "<group>"; };
		1A9A0F62FFA59BBEA3627DF7 /* de */ = {isa = PBXFileReference; fileEncoding = 4; lastKnownFileType = text.plist.strings; name = de; path = Localizable.strings; sourceTree = "<group>"; };
		1A9A0F961756CA9176E1A813 /* TapTheSquareTests.m */ = {isa = PBXFileReference; lastKnownFileType = sourcecode.c.objc; path = TapTheSquareTests.m; sourceTree = "<group>"; };
		1A9A0FCDF5BF557CD6C37F80 /* TapTheSquare-Info.plist */ = {isa = PBXFileReference; lastKnownFileType = text.plist.info; path = "TapTheSquare-Info.plist"; sourceTree = "<group>"; };
		D5A5B5BA193862E100C56831 /* CooperBlackStd.otf */ = {isa = PBXFileReference; lastKnownFileType = file; name = CooperBlackStd.otf; path = ../../../../../Downloads/CooperBlackStd/CooperBlackStd.otf; sourceTree = "<group>"; };
/* End PBXFileReference section */

/* Begin PBXFrameworksBuildPhase section */
		1A9A09A0AFD54763AF50AD40 /* Frameworks */ = {
			isa = PBXFrameworksBuildPhase;
			buildActionMask = 2147483647;
			files = (
				1A9A036D2B20FBC1510E4899 /* XCTest.framework in Frameworks */,
				1A9A0588E48CC4ACED308FB5 /* Foundation.framework in Frameworks */,
				1A9A085BA8EEA39F565D02B3 /* UIKit.framework in Frameworks */,
			);
			runOnlyForDeploymentPostprocessing = 0;
		};
		1A9A0ECD9C26F477A8B7BE5E /* Frameworks */ = {
			isa = PBXFrameworksBuildPhase;
			buildActionMask = 2147483647;
			files = (
				1A9A0ED113A53C8186891FDD /* Foundation.framework in Frameworks */,
				1A9A0AF9F67FBF48B98B6F10 /* CoreGraphics.framework in Frameworks */,
				1A9A08841C2A3DDF244017CC /* UIKit.framework in Frameworks */,
				1A9A099B01948785D36332BB /* SpriteKit.framework in Frameworks */,
				1A9A032489A20FA64E773D1F /* GameKit.framework in Frameworks */,
			);
			runOnlyForDeploymentPostprocessing = 0;
		};
/* End PBXFrameworksBuildPhase section */

/* Begin PBXGroup section */
		1A9A00056FEB6ED1BE2FCEB2 /* iRate */ = {
			isa = PBXGroup;
			children = (
				1A9A0A856670897334C3BA91 /* iRate.m */,
				1A9A09DADCC4856DF4AAAAA8 /* iRate.h */,
				1A9A0DA9740C65221EA76B6D /* iRate.bundle */,
			);
			path = iRate;
			sourceTree = "<group>";
		};
		1A9A011221B1AB7FFB207B18 /* Supporting Files */ = {
			isa = PBXGroup;
			children = (
				1A9A0FCDF5BF557CD6C37F80 /* TapTheSquare-Info.plist */,
				1A9A05A737DD70AB12B9CD87 /* InfoPlist.strings */,
				1A9A003F94618578D2BC496D /* main.m */,
				1A9A056EAF427CC974E275ED /* TapTheSquare-Prefix.pch */,
			);
			name = "Supporting Files";
			sourceTree = "<group>";
		};
		1A9A017B601646AEFD6A590E /* ja.lproj */ = {
			isa = PBXGroup;
			children = (
				1A9A0BCD5898126D91710417 /* Localizable.strings */,
			);
			path = ja.lproj;
			sourceTree = "<group>";
		};
		1A9A0250BA7E7B5D10A318B7 /* zh-Hans.lproj */ = {
			isa = PBXGroup;
			children = (
				1A9A078EB4FC663C6BBB1999 /* Localizable.strings */,
			);
			path = "zh-Hans.lproj";
			sourceTree = "<group>";
		};
		1A9A026C5D2658FD7F206222 /* ur-PK.lproj */ = {
			isa = PBXGroup;
			children = (
				1A9A0E69CFF693005B73AB86 /* Localizable.strings */,
			);
			path = "ur-PK.lproj";
			sourceTree = "<group>";
		};
		1A9A02C0F830906EDA089DBE /* es.lproj */ = {
			isa = PBXGroup;
			children = (
				1A9A0093DB3248D30F1DB419 /* Localizable.strings */,
			);
			path = es.lproj;
			sourceTree = "<group>";
		};
		1A9A02C8CC89DDE6D6B3470A /* hi.lproj */ = {
			isa = PBXGroup;
			children = (
				1A9A05EEF31C6BF223E39E55 /* Localizable.strings */,
			);
			path = hi.lproj;
			sourceTree = "<group>";
		};
		1A9A03DD8ADFB3F4FDC0B42A /* Frameworks */ = {
			isa = PBXGroup;
			children = (
				1A9A0DED82599A10A6AA3444 /* Foundation.framework */,
				1A9A01C2C4234AC2F582860F /* CoreGraphics.framework */,
				1A9A088B05FA8FCEF319CA31 /* UIKit.framework */,
				1A9A0D587EA0F94D468E24D8 /* SpriteKit.framework */,
				1A9A0E038C31DD2605DFF71D /* XCTest.framework */,
				1A9A030190EA72B09E71140B /* GameKit.framework */,
			);
			name = Frameworks;
			sourceTree = "<group>";
		};
		1A9A0431FE5E6728659E5E5D /* ar.lproj */ = {
			isa = PBXGroup;
			children = (
				1A9A045AD67A523DC7150BF3 /* Localizable.strings */,
			);
			path = ar.lproj;
			sourceTree = "<group>";
		};
		1A9A043D2EDBA1E593C1E2FB /* el.lproj */ = {
			isa = PBXGroup;
			children = (
				1A9A02DAF2BC89181986B436 /* Localizable.strings */,
			);
			path = el.lproj;
			sourceTree = "<group>";
		};
		1A9A04541C297527637539F5 /* nl.lproj */ = {
			isa = PBXGroup;
			children = (
				1A9A09DA57136221D272E1EA /* Localizable.strings */,
			);
			path = nl.lproj;
			sourceTree = "<group>";
		};
		1A9A046C0560DEAF39F2D72F /* ur-IN.lproj */ = {
			isa = PBXGroup;
			children = (
				1A9A09305B6428346134F00B /* Localizable.strings */,
			);
			path = "ur-IN.lproj";
			sourceTree = "<group>";
		};
		1A9A048DB44B83592A56B4E3 /* en.lproj */ = {
			isa = PBXGroup;
			children = (
				1A9A009B1AA16E90BDCC244C /* Localizable.strings */,
			);
			path = en.lproj;
			sourceTree = "<group>";
		};
		1A9A04B60385D33A0899E37C /* sl.lproj */ = {
			isa = PBXGroup;
			children = (
				1A9A03C9F617B94079EFFCFF /* Localizable.strings */,
			);
			path = sl.lproj;
			sourceTree = "<group>";
		};
		1A9A04BD34A8508F97EA2A39 /* cs.lproj */ = {
			isa = PBXGroup;
			children = (
				1A9A024F6A734C89A4D03A06 /* Localizable.strings */,
			);
			path = cs.lproj;
			sourceTree = "<group>";
		};
		1A9A04BD49C03AC4CEFB09C9 = {
			isa = PBXGroup;
			children = (
				1A9A0B610B8B89F89541DFF3 /* Products */,
				1A9A03DD8ADFB3F4FDC0B42A /* Frameworks */,
				1A9A09D0A22FC08E6E38DDEB /* TapTheSquare */,
				1A9A04FB766AF9403AE7EAD2 /* TapTheSquareTests */,
			);
			sourceTree = "<group>";
		};
		1A9A04FB766AF9403AE7EAD2 /* TapTheSquareTests */ = {
			isa = PBXGroup;
			children = (
				1A9A06D3DE9BA50142ED7A30 /* Supporting Files */,
				1A9A0F961756CA9176E1A813 /* TapTheSquareTests.m */,
			);
			path = TapTheSquareTests;
			sourceTree = "<group>";
		};
		1A9A0516E4BD56543BDC4E3B /* ru.lproj */ = {
			isa = PBXGroup;
			children = (
				1A9A0B40DD25AB024A52D516 /* Localizable.strings */,
			);
			path = ru.lproj;
			sourceTree = "<group>";
		};
		1A9A055DE46A1FCA823D55C7 /* de.lproj */ = {
			isa = PBXGroup;
			children = (
				1A9A0E59C4F98BFD0F20A2A8 /* Localizable.strings */,
			);
			path = de.lproj;
			sourceTree = "<group>";
		};
		1A9A05711D6EBDA6FE47FD28 /* bn.lproj */ = {
			isa = PBXGroup;
			children = (
				1A9A04DEE72F7958E026E1E9 /* Localizable.strings */,
			);
			path = bn.lproj;
			sourceTree = "<group>";
		};
		1A9A06608CC0A5706AEBAD8A /* ko.lproj */ = {
			isa = PBXGroup;
			children = (
				1A9A00C2E4B5E9A71ED983D8 /* Localizable.strings */,
			);
			path = ko.lproj;
			sourceTree = "<group>";
		};
		1A9A0678526EA2A4FF3C95E9 /* sv.lproj */ = {
			isa = PBXGroup;
			children = (
				1A9A0DA52E216854ED71A442 /* Localizable.strings */,
			);
			path = sv.lproj;
			sourceTree = "<group>";
		};
		1A9A06D3DE9BA50142ED7A30 /* Supporting Files */ = {
			isa = PBXGroup;
			children = (
				1A9A08DB610BF9CD4A2E4F0C /* TapTheSquareTests-Info.plist */,
				1A9A088B8B703660358DEA88 /* InfoPlist.strings */,
			);
			name = "Supporting Files";
			sourceTree = "<group>";
		};
		1A9A0761E237569AB23A6209 /* th.lproj */ = {
			isa = PBXGroup;
			children = (
				1A9A075A3AB1265D15DEDF31 /* Localizable.strings */,
			);
			path = th.lproj;
			sourceTree = "<group>";
		};
		1A9A0881794D3B0B1307E15B /* uk.lproj */ = {
			isa = PBXGroup;
			children = (
				1A9A0DC7D24DFA82CEEFFF35 /* Localizable.strings */,
			);
			path = uk.lproj;
			sourceTree = "<group>";
		};
		1A9A089FFF9E4E64502C16E5 /* id.lproj */ = {
			isa = PBXGroup;
			children = (
				1A9A080F862B952E97209A46 /* Localizable.strings */,
			);
			path = id.lproj;
			sourceTree = "<group>";
		};
		1A9A0916AF138545EC3F75CF /* sk.lproj */ = {
			isa = PBXGroup;
			children = (
				1A9A088E07794C458C701D33 /* Localizable.strings */,
			);
			path = sk.lproj;
			sourceTree = "<group>";
		};
		1A9A098DD1A2CDDC5D86572A /* he.lproj */ = {
			isa = PBXGroup;
			children = (
				1A9A0BF8F579850485F15D63 /* Localizable.strings */,
			);
			path = he.lproj;
			sourceTree = "<group>";
		};
		1A9A09D0A22FC08E6E38DDEB /* TapTheSquare */ = {
			isa = PBXGroup;
			children = (
				1A9A011221B1AB7FFB207B18 /* Supporting Files */,
				1A9A06814C087C89157C0BCE /* Images.xcassets */,
				1A9A02321783F0E67FCCE868 /* Main_iPhone.storyboard */,
				1A9A0732BC0FA2F3B58E75FB /* Main_iPad.storyboard */,
				1A9A0062AC579B8CD483B0C2 /* NAGAppDelegate.h */,
				1A9A029A699774CEAF49B7AD /* NAGAppDelegate.m */,
				1A9A0418B2C8B68E270C2125 /* NAGMyScene.h */,
				1A9A07B852A5A1BD35D37213 /* NAGMyScene.m */,
				1A9A03745BC2C455538D7371 /* NAGViewController.h */,
				1A9A086E91BEC1DB109A604B /* NAGViewController.m */,
				1A9A0E7A89B92A36489838C3 /* Resources */,
				1A9A0E48061CBB5D6CFB669D /* ExternalLibraries */,
			);
			path = TapTheSquare;
			sourceTree = "<group>";
		};
		1A9A0A2F4FE73B843D99395A /* pt.lproj */ = {
			isa = PBXGroup;
			children = (
				1A9A060F63A75367E7DA1CCE /* Localizable.strings */,
			);
			path = pt.lproj;
			sourceTree = "<group>";
		};
		1A9A0B610B8B89F89541DFF3 /* Products */ = {
			isa = PBXGroup;
			children = (
				1A9A09531BBA568E82F4AD00 /* TapTheSquare.app */,
				1A9A023640A793E9D42B1B6B /* TapTheSquareTests.xctest */,
			);
			name = Products;
			sourceTree = "<group>";
		};
		1A9A0B7CAC04CF31DFEECB4A /* no.lproj */ = {
			isa = PBXGroup;
			children = (
				1A9A04690A24425055906C61 /* Localizable.strings */,
			);
			path = no.lproj;
			sourceTree = "<group>";
		};
		1A9A0BA4ACEC34D70E9D60F5 /* it.lproj */ = {
			isa = PBXGroup;
			children = (
				1A9A0C5A81D0497B9003490B /* Localizable.strings */,
			);
			path = it.lproj;
			sourceTree = "<group>";
		};
		1A9A0C19A47428F521A59A81 /* pa.lproj */ = {
			isa = PBXGroup;
			children = (
				1A9A0CCF5966084D98E50592 /* Localizable.strings */,
			);
			path = pa.lproj;
			sourceTree = "<group>";
		};
		1A9A0C25FA4513E73E75BD35 /* pl.lproj */ = {
			isa = PBXGroup;
			children = (
				1A9A0520EF44FEA8408B4AEE /* Localizable.strings */,
			);
			path = pl.lproj;
			sourceTree = "<group>";
		};
		1A9A0C49FFC44AD3B89217C6 /* vi.lproj */ = {
			isa = PBXGroup;
			children = (
				1A9A0223EEF948CD8DF7584F /* Localizable.strings */,
			);
			path = vi.lproj;
			sourceTree = "<group>";
		};
		1A9A0D705C2156A544504250 /* fr.lproj */ = {
			isa = PBXGroup;
			children = (
				1A9A0F24895C6EFDF53B86D5 /* Localizable.strings */,
			);
			path = fr.lproj;
			sourceTree = "<group>";
		};
		1A9A0DA9740C65221EA76B6D /* iRate.bundle */ = {
			isa = PBXGroup;
			children = (
				1A9A0431FE5E6728659E5E5D /* ar.lproj */,
				1A9A05711D6EBDA6FE47FD28 /* bn.lproj */,
				1A9A04BD34A8508F97EA2A39 /* cs.lproj */,
				1A9A0DEE905CD83270DED2FD /* da.lproj */,
				1A9A055DE46A1FCA823D55C7 /* de.lproj */,
				1A9A043D2EDBA1E593C1E2FB /* el.lproj */,
				1A9A048DB44B83592A56B4E3 /* en.lproj */,
				1A9A02C0F830906EDA089DBE /* es.lproj */,
				1A9A0E6A7AC885B538A9F6EC /* fa.lproj */,
				1A9A0D705C2156A544504250 /* fr.lproj */,
				1A9A098DD1A2CDDC5D86572A /* he.lproj */,
				1A9A02C8CC89DDE6D6B3470A /* hi.lproj */,
				1A9A089FFF9E4E64502C16E5 /* id.lproj */,
				1A9A0BA4ACEC34D70E9D60F5 /* it.lproj */,
				1A9A017B601646AEFD6A590E /* ja.lproj */,
				1A9A06608CC0A5706AEBAD8A /* ko.lproj */,
				1A9A04541C297527637539F5 /* nl.lproj */,
				1A9A0B7CAC04CF31DFEECB4A /* no.lproj */,
				1A9A0C19A47428F521A59A81 /* pa.lproj */,
				1A9A0C25FA4513E73E75BD35 /* pl.lproj */,
				1A9A0A2F4FE73B843D99395A /* pt.lproj */,
				1A9A0516E4BD56543BDC4E3B /* ru.lproj */,
				1A9A0916AF138545EC3F75CF /* sk.lproj */,
				1A9A04B60385D33A0899E37C /* sl.lproj */,
				1A9A0678526EA2A4FF3C95E9 /* sv.lproj */,
				1A9A0761E237569AB23A6209 /* th.lproj */,
				1A9A0DB2F9E0236E2F0BB806 /* tr.lproj */,
				1A9A0881794D3B0B1307E15B /* uk.lproj */,
				1A9A0EA8074D3E9DEC264B5A /* ur.lproj */,
				1A9A0C49FFC44AD3B89217C6 /* vi.lproj */,
				1A9A0E8F135350CA1CB71FE9 /* de-AT.lproj */,
				1A9A046C0560DEAF39F2D72F /* ur-IN.lproj */,
				1A9A026C5D2658FD7F206222 /* ur-PK.lproj */,
				1A9A0250BA7E7B5D10A318B7 /* zh-Hans.lproj */,
				1A9A0FF9355604818F76708F /* zh-Hant.lproj */,
			);
			path = iRate.bundle;
			sourceTree = "<group>";
		};
		1A9A0DB2F9E0236E2F0BB806 /* tr.lproj */ = {
			isa = PBXGroup;
			children = (
				1A9A028020EA8F045FE36E63 /* Localizable.strings */,
			);
			path = tr.lproj;
			sourceTree = "<group>";
		};
		1A9A0DEE905CD83270DED2FD /* da.lproj */ = {
			isa = PBXGroup;
			children = (
				1A9A0D9385806189E1DB5E80 /* Localizable.strings */,
			);
			path = da.lproj;
			sourceTree = "<group>";
		};
		1A9A0E48061CBB5D6CFB669D /* ExternalLibraries */ = {
			isa = PBXGroup;
			children = (
				1A9A00056FEB6ED1BE2FCEB2 /* iRate */,
			);
			path = ExternalLibraries;
			sourceTree = "<group>";
		};
		1A9A0E6A7AC885B538A9F6EC /* fa.lproj */ = {
			isa = PBXGroup;
			children = (
				1A9A076D2C2C8058F27B2ABA /* Localizable.strings */,
			);
			path = fa.lproj;
			sourceTree = "<group>";
		};
		1A9A0E7A89B92A36489838C3 /* Resources */ = {
			isa = PBXGroup;
			children = (
				D5A5B5BA193862E100C56831 /* CooperBlackStd.otf */,
				1A9A0E0C9085C797D881A77E /* square@2x.png */,
				1A9A0B29F41412BD73238601 /* square_clear@2x.png */,
				1A9A04428A88677F2681411E /* square_fail@2x.png */,
				1A9A04C297387709FB6F5219 /* square_ad@2x.png */,
			);
			path = Resources;
			sourceTree = "<group>";
		};
		1A9A0E8F135350CA1CB71FE9 /* de-AT.lproj */ = {
			isa = PBXGroup;
			children = (
				1A9A0E6BFE9A5663D207F64F /* Localizable.strings */,
			);
			path = "de-AT.lproj";
			sourceTree = "<group>";
		};
		1A9A0EA8074D3E9DEC264B5A /* ur.lproj */ = {
			isa = PBXGroup;
			children = (
				1A9A0ECF27E33B9D437FE063 /* Localizable.strings */,
			);
			path = ur.lproj;
			sourceTree = "<group>";
		};
		1A9A0FF9355604818F76708F /* zh-Hant.lproj */ = {
			isa = PBXGroup;
			children = (
				1A9A0DEC526B8DC1817FC9F1 /* Localizable.strings */,
			);
			path = "zh-Hant.lproj";
			sourceTree = "<group>";
		};
/* End PBXGroup section */

/* Begin PBXNativeTarget section */
		1A9A0045FE74A8D668418333 /* TapTheSquare */ = {
			isa = PBXNativeTarget;
			buildConfigurationList = 1A9A04C643B9DA01B3A35931 /* Build configuration list for PBXNativeTarget "TapTheSquare" */;
			buildPhases = (
				1A9A0B22BCF1EAF0FB54F3BF /* Sources */,
				1A9A0ECD9C26F477A8B7BE5E /* Frameworks */,
				1A9A0B58A1C00C89C68996A1 /* Resources */,
			);
			buildRules = (
			);
			dependencies = (
			);
			name = TapTheSquare;
			productName = TapTheSquare;
			productReference = 1A9A09531BBA568E82F4AD00 /* TapTheSquare.app */;
			productType = "com.apple.product-type.application";
		};
		1A9A07E9E76D187D03A5FA44 /* TapTheSquareTests */ = {
			isa = PBXNativeTarget;
			buildConfigurationList = 1A9A0C619AB263EF3FE5A761 /* Build configuration list for PBXNativeTarget "TapTheSquareTests" */;
			buildPhases = (
				1A9A04063067BABAD8433B87 /* Sources */,
				1A9A09A0AFD54763AF50AD40 /* Frameworks */,
				1A9A03FB93929C73ECE12379 /* Resources */,
			);
			buildRules = (
			);
			dependencies = (
				1A9A0C628C764A295159A7F8 /* PBXTargetDependency */,
			);
			name = TapTheSquareTests;
			productName = TapTheSquareTests;
			productReference = 1A9A023640A793E9D42B1B6B /* TapTheSquareTests.xctest */;
			productType = "com.apple.product-type.bundle.unit-test";
		};
/* End PBXNativeTarget section */

/* Begin PBXProject section */
		1A9A08F5FD39A2A45AEF9A7E /* Project object */ = {
			isa = PBXProject;
			attributes = {
				ORGANIZATIONNAME = "Non Atomic Games Inc.";
				TargetAttributes = {
					1A9A0045FE74A8D668418333 = {
						DevelopmentTeam = 2N548588CC;
					};
				};
			};
			buildConfigurationList = 1A9A08628813880C7D01F4E2 /* Build configuration list for PBXProject "TapTheSquare" */;
			compatibilityVersion = "Xcode 3.2";
			developmentRegion = English;
			hasScannedForEncodings = 0;
			knownRegions = (
				en,
			);
			mainGroup = 1A9A04BD49C03AC4CEFB09C9;
			productRefGroup = 1A9A0B610B8B89F89541DFF3 /* Products */;
			projectDirPath = "";
			projectRoot = "";
			targets = (
				1A9A0045FE74A8D668418333 /* TapTheSquare */,
				1A9A07E9E76D187D03A5FA44 /* TapTheSquareTests */,
			);
		};
/* End PBXProject section */

/* Begin PBXResourcesBuildPhase section */
		1A9A03FB93929C73ECE12379 /* Resources */ = {
			isa = PBXResourcesBuildPhase;
			buildActionMask = 2147483647;
			files = (
				1A9A054FAD58114B323D8BFA /* InfoPlist.strings in Resources */,
			);
			runOnlyForDeploymentPostprocessing = 0;
		};
		1A9A0B58A1C00C89C68996A1 /* Resources */ = {
			isa = PBXResourcesBuildPhase;
			buildActionMask = 2147483647;
			files = (
				1A9A0B5F1856D4A717F4C37F /* InfoPlist.strings in Resources */,
				1A9A0582168A227137B39B30 /* Images.xcassets in Resources */,
				1A9A0004B32ED056A7EA5459 /* Main_iPhone.storyboard in Resources */,
				1A9A021F600CCF72E760E6EC /* Main_iPad.storyboard in Resources */,
				1A9A0152B897B609ADBBEFF5 /* square@2x.png in Resources */,
				D5A5B5BB193862E100C56831 /* CooperBlackStd.otf in Resources */,
				1A9A0F0D40BAB52B7ECEA5C0 /* square_clear@2x.png in Resources */,
				1A9A04B56ED63EF9C090E85B /* square_fail@2x.png in Resources */,
				1A9A0B60CA760F01AF269C72 /* square_ad@2x.png in Resources */,
				1A9A05B70EE238E6F2F8F443 /* Localizable.strings in Resources */,
				1A9A0570B51421180A7A83AD /* Localizable.strings in Resources */,
				1A9A08670E79CE17440BC20F /* Localizable.strings in Resources */,
				1A9A09DA065306F76031D81B /* Localizable.strings in Resources */,
				1A9A00862C9A9C47110C5910 /* Localizable.strings in Resources */,
				1A9A0CC1CDC6D70CA064D67A /* Localizable.strings in Resources */,
				1A9A0A09F71BD7FD34672346 /* Localizable.strings in Resources */,
				1A9A07F95961FA3B8EC61ECC /* Localizable.strings in Resources */,
				1A9A03CAF8D40045818A0963 /* Localizable.strings in Resources */,
				1A9A06F81E18FE1C73F4C173 /* Localizable.strings in Resources */,
				1A9A0F00781226F602E006F8 /* Localizable.strings in Resources */,
				1A9A05636E9D7A528D1ABC6C /* Localizable.strings in Resources */,
				1A9A04272086B1CBC304D66F /* Localizable.strings in Resources */,
				1A9A07CF9B8BD89779518DE0 /* Localizable.strings in Resources */,
				1A9A0FA4A914F0C0DBC1E390 /* Localizable.strings in Resources */,
				1A9A0E5BBD5F518F8992BF41 /* Localizable.strings in Resources */,
				1A9A0593040AEEF44E62400A /* Localizable.strings in Resources */,
				1A9A07ACBD37C739236564CA /* Localizable.strings in Resources */,
				1A9A09085F4A2EB9A450165D /* Localizable.strings in Resources */,
				1A9A092B3840B1539ABE2CE0 /* Localizable.strings in Resources */,
				1A9A0227A310179E8E0D0928 /* Localizable.strings in Resources */,
				1A9A0134E56DA1E9E99DBA1E /* Localizable.strings in Resources */,
				1A9A09A9FDA8271D8BB400BD /* Localizable.strings in Resources */,
				1A9A03E748F1F7E9B02E0438 /* Localizable.strings in Resources */,
				1A9A04F984BEC65222AB2D37 /* Localizable.strings in Resources */,
				1A9A001717CFFEF25739D228 /* Localizable.strings in Resources */,
				1A9A02E11698153C76E956E5 /* Localizable.strings in Resources */,
				1A9A0C1EAE6F6834148AD125 /* Localizable.strings in Resources */,
				1A9A0E14301572651DE34861 /* Localizable.strings in Resources */,
				1A9A0B3E5431222C9CFA9954 /* Localizable.strings in Resources */,
				1A9A0327A0E4F8104372181D /* Localizable.strings in Resources */,
				1A9A0FAE279D617547533CEE /* Localizable.strings in Resources */,
				1A9A031B844BE1900515EEC9 /* Localizable.strings in Resources */,
				1A9A0F8B1FD149FFAE0D32A8 /* Localizable.strings in Resources */,
				1A9A064FE33ED1BBF9C5E453 /* Localizable.strings in Resources */,
			);
			runOnlyForDeploymentPostprocessing = 0;
		};
/* End PBXResourcesBuildPhase section */

/* Begin PBXSourcesBuildPhase section */
		1A9A04063067BABAD8433B87 /* Sources */ = {
			isa = PBXSourcesBuildPhase;
			buildActionMask = 2147483647;
			files = (
				1A9A0617BEB9B718E84BBE20 /* TapTheSquareTests.m in Sources */,
			);
			runOnlyForDeploymentPostprocessing = 0;
		};
		1A9A0B22BCF1EAF0FB54F3BF /* Sources */ = {
			isa = PBXSourcesBuildPhase;
			buildActionMask = 2147483647;
			files = (
				1A9A08A156D463065B374002 /* main.m in Sources */,
				1A9A08DAF53EC49DB9D56CFE /* NAGAppDelegate.m in Sources */,
				1A9A0A9C07E697E67D69E441 /* NAGMyScene.m in Sources */,
				1A9A0CC1696EF47244050A55 /* NAGViewController.m in Sources */,
				1A9A02D126157A6F90431ECB /* iRate.m in Sources */,
			);
			runOnlyForDeploymentPostprocessing = 0;
		};
/* End PBXSourcesBuildPhase section */

/* Begin PBXTargetDependency section */
		1A9A0C628C764A295159A7F8 /* PBXTargetDependency */ = {
			isa = PBXTargetDependency;
			target = 1A9A0045FE74A8D668418333 /* TapTheSquare */;
			targetProxy = 1A9A0DF3F6049AAB92FF8038 /* PBXContainerItemProxy */;
		};
/* End PBXTargetDependency section */

/* Begin PBXVariantGroup section */
		1A9A0093DB3248D30F1DB419 /* Localizable.strings */ = {
			isa = PBXVariantGroup;
			children = (
				1A9A0C87754601CA9C97DC4F /* es */,
			);
			name = Localizable.strings;
			sourceTree = "<group>";
		};
		1A9A009B1AA16E90BDCC244C /* Localizable.strings */ = {
			isa = PBXVariantGroup;
			children = (
				1A9A0ED97306448F8A49999F /* en */,
			);
			name = Localizable.strings;
			sourceTree = "<group>";
		};
		1A9A00C2E4B5E9A71ED983D8 /* Localizable.strings */ = {
			isa = PBXVariantGroup;
			children = (
				1A9A01F56339F6EAAD2005E1 /* ko */,
			);
			name = Localizable.strings;
			sourceTree = "<group>";
		};
		1A9A0223EEF948CD8DF7584F /* Localizable.strings */ = {
			isa = PBXVariantGroup;
			children = (
				1A9A00FE426B3AEE73381B2C /* vi */,
			);
			name = Localizable.strings;
			sourceTree = "<group>";
		};
		1A9A02321783F0E67FCCE868 /* Main_iPhone.storyboard */ = {
			isa = PBXVariantGroup;
			children = (
				1A9A014F6CE7DB3704B8E9B1 /* Base */,
			);
			name = Main_iPhone.storyboard;
			sourceTree = "<group>";
		};
		1A9A024F6A734C89A4D03A06 /* Localizable.strings */ = {
			isa = PBXVariantGroup;
			children = (
				1A9A0821F91A527B7BD6FA0B /* cs */,
			);
			name = Localizable.strings;
			sourceTree = "<group>";
		};
		1A9A028020EA8F045FE36E63 /* Localizable.strings */ = {
			isa = PBXVariantGroup;
			children = (
				1A9A09D371EB7B8BF61528B4 /* tr */,
			);
			name = Localizable.strings;
			sourceTree = "<group>";
		};
		1A9A02DAF2BC89181986B436 /* Localizable.strings */ = {
			isa = PBXVariantGroup;
			children = (
				1A9A0D55C4AB9859CE137B26 /* el */,
			);
			name = Localizable.strings;
			sourceTree = "<group>";
		};
		1A9A03C9F617B94079EFFCFF /* Localizable.strings */ = {
			isa = PBXVariantGroup;
			children = (
				1A9A0530C20A1ABE99D5B405 /* sl */,
			);
			name = Localizable.strings;
			sourceTree = "<group>";
		};
		1A9A045AD67A523DC7150BF3 /* Localizable.strings */ = {
			isa = PBXVariantGroup;
			children = (
				1A9A09398B0DBA7EC1CC83A0 /* ar */,
			);
			name = Localizable.strings;
			sourceTree = "<group>";
		};
		1A9A04690A24425055906C61 /* Localizable.strings */ = {
			isa = PBXVariantGroup;
			children = (
				1A9A02FECF3D2FC23B947BE2 /* no */,
			);
			name = Localizable.strings;
			sourceTree = "<group>";
		};
		1A9A04DEE72F7958E026E1E9 /* Localizable.strings */ = {
			isa = PBXVariantGroup;
			children = (
				1A9A059C263A33C9C71C6B3A /* bn */,
			);
			name = Localizable.strings;
			sourceTree = "<group>";
		};
		1A9A0520EF44FEA8408B4AEE /* Localizable.strings */ = {
			isa = PBXVariantGroup;
			children = (
				1A9A09CCAFD807B109626EFA /* pl */,
			);
			name = Localizable.strings;
			sourceTree = "<group>";
		};
		1A9A05A737DD70AB12B9CD87 /* InfoPlist.strings */ = {
			isa = PBXVariantGroup;
			children = (
				1A9A028BA2D1D17BD12B546D /* en */,
			);
			name = InfoPlist.strings;
			sourceTree = "<group>";
		};
		1A9A05EEF31C6BF223E39E55 /* Localizable.strings */ = {
			isa = PBXVariantGroup;
			children = (
				1A9A0816532B870BEA544057 /* hi */,
			);
			name = Localizable.strings;
			sourceTree = "<group>";
		};
		1A9A060F63A75367E7DA1CCE /* Localizable.strings */ = {
			isa = PBXVariantGroup;
			children = (
				1A9A01F5D9A4EAB40DFFDECE /* pt */,
			);
			name = Localizable.strings;
			sourceTree = "<group>";
		};
		1A9A0732BC0FA2F3B58E75FB /* Main_iPad.storyboard */ = {
			isa = PBXVariantGroup;
			children = (
				1A9A03863F0BF474A0BC0A0B /* Base */,
			);
			name = Main_iPad.storyboard;
			sourceTree = "<group>";
		};
		1A9A075A3AB1265D15DEDF31 /* Localizable.strings */ = {
			isa = PBXVariantGroup;
			children = (
				1A9A01EDF04158DF4C4B5F4D /* th */,
			);
			name = Localizable.strings;
			sourceTree = "<group>";
		};
		1A9A076D2C2C8058F27B2ABA /* Localizable.strings */ = {
			isa = PBXVariantGroup;
			children = (
				1A9A023625714E34627F695F /* fa */,
			);
			name = Localizable.strings;
			sourceTree = "<group>";
		};
		1A9A078EB4FC663C6BBB1999 /* Localizable.strings */ = {
			isa = PBXVariantGroup;
			children = (
				1A9A01A330BFDC1AF88C7742 /* zh-Hans */,
			);
			name = Localizable.strings;
			sourceTree = "<group>";
		};
		1A9A080F862B952E97209A46 /* Localizable.strings */ = {
			isa = PBXVariantGroup;
			children = (
				1A9A01AEBBE4872CF83C0FC9 /* id */,
			);
			name = Localizable.strings;
			sourceTree = "<group>";
		};
		1A9A088B8B703660358DEA88 /* InfoPlist.strings */ = {
			isa = PBXVariantGroup;
			children = (
				1A9A045790AA44420D9E8CDF /* en */,
			);
			name = InfoPlist.strings;
			sourceTree = "<group>";
		};
		1A9A088E07794C458C701D33 /* Localizable.strings */ = {
			isa = PBXVariantGroup;
			children = (
				1A9A034BFAD84005AE7DADF6 /* sk */,
			);
			name = Localizable.strings;
			sourceTree = "<group>";
		};
		1A9A09305B6428346134F00B /* Localizable.strings */ = {
			isa = PBXVariantGroup;
			children = (
				1A9A014FA09C70D2FF1B9980 /* ur-IN */,
			);
			name = Localizable.strings;
			sourceTree = "<group>";
		};
		1A9A09DA57136221D272E1EA /* Localizable.strings */ = {
			isa = PBXVariantGroup;
			children = (
				1A9A0EB79B856C8684B1B261 /* nl */,
			);
			name = Localizable.strings;
			sourceTree = "<group>";
		};
		1A9A0B40DD25AB024A52D516 /* Localizable.strings */ = {
			isa = PBXVariantGroup;
			children = (
				1A9A065A9A6DFF91011A58CB /* ru */,
			);
			name = Localizable.strings;
			sourceTree = "<group>";
		};
		1A9A0BCD5898126D91710417 /* Localizable.strings */ = {
			isa = PBXVariantGroup;
			children = (
				1A9A0CC13C07A9F6957F9C22 /* ja */,
			);
			name = Localizable.strings;
			sourceTree = "<group>";
		};
		1A9A0BF8F579850485F15D63 /* Localizable.strings */ = {
			isa = PBXVariantGroup;
			children = (
				1A9A02B25D615DF7F2C02A6F /* he */,
			);
			name = Localizable.strings;
			sourceTree = "<group>";
		};
		1A9A0C5A81D0497B9003490B /* Localizable.strings */ = {
			isa = PBXVariantGroup;
			children = (
				1A9A0240732D660976897613 /* it */,
			);
			name = Localizable.strings;
			sourceTree = "<group>";
		};
		1A9A0CCF5966084D98E50592 /* Localizable.strings */ = {
			isa = PBXVariantGroup;
			children = (
				1A9A0807DADCD199B17E03A1 /* pa */,
			);
			name = Localizable.strings;
			sourceTree = "<group>";
		};
		1A9A0D9385806189E1DB5E80 /* Localizable.strings */ = {
			isa = PBXVariantGroup;
			children = (
				1A9A0732F014E585D5F7BC8B /* da */,
			);
			name = Localizable.strings;
			sourceTree = "<group>";
		};
		1A9A0DA52E216854ED71A442 /* Localizable.strings */ = {
			isa = PBXVariantGroup;
			children = (
				1A9A03981861B2B048CA42EC /* sv */,
			);
			name = Localizable.strings;
			sourceTree = "<group>";
		};
		1A9A0DC7D24DFA82CEEFFF35 /* Localizable.strings */ = {
			isa = PBXVariantGroup;
			children = (
				1A9A018ED6CDD0D6E4E064FB /* uk */,
			);
			name = Localizable.strings;
			sourceTree = "<group>";
		};
		1A9A0DEC526B8DC1817FC9F1 /* Localizable.strings */ = {
			isa = PBXVariantGroup;
			children = (
				1A9A0EEA63B6D4E9BA4D1636 /* zh-Hant */,
			);
			name = Localizable.strings;
			sourceTree = "<group>";
		};
		1A9A0E59C4F98BFD0F20A2A8 /* Localizable.strings */ = {
			isa = PBXVariantGroup;
			children = (
				1A9A0F62FFA59BBEA3627DF7 /* de */,
			);
			name = Localizable.strings;
			sourceTree = "<group>";
		};
		1A9A0E69CFF693005B73AB86 /* Localizable.strings */ = {
			isa = PBXVariantGroup;
			children = (
				1A9A082CFCBF85BE8A3B0CE8 /* ur-PK */,
			);
			name = Localizable.strings;
			sourceTree = "<group>";
		};
		1A9A0E6BFE9A5663D207F64F /* Localizable.strings */ = {
			isa = PBXVariantGroup;
			children = (
				1A9A0CD866D9B40D880E6B56 /* de-AT */,
			);
			name = Localizable.strings;
			sourceTree = "<group>";
		};
		1A9A0ECF27E33B9D437FE063 /* Localizable.strings */ = {
			isa = PBXVariantGroup;
			children = (
				1A9A06C1E2286C5453C1A39A /* ur */,
			);
			name = Localizable.strings;
			sourceTree = "<group>";
		};
		1A9A0F24895C6EFDF53B86D5 /* Localizable.strings */ = {
			isa = PBXVariantGroup;
			children = (
				1A9A046CA2CBBEE56E65BC21 /* fr */,
			);
			name = Localizable.strings;
			sourceTree = "<group>";
		};
/* End PBXVariantGroup section */

/* Begin XCBuildConfiguration section */
		1A9A08516DA4A0A8D53C3DBC /* Debug */ = {
			isa = XCBuildConfiguration;
			buildSettings = {
				FRAMEWORK_SEARCH_PATHS = (
					"$(SDKROOT)/Developer/Library/Frameworks",
					"$(inherited)",
				);
				GCC_PRECOMPILE_PREFIX_HEADER = YES;
				GCC_PREFIX_HEADER = "TapTheSquare/TapTheSquare-Prefix.pch";
				INFOPLIST_FILE = "TapTheSquareTests/TapTheSquareTests-Info.plist";
				PRODUCT_NAME = "$(TARGET_NAME)";
				WRAPPER_EXTENSION = xctest;
			};
			name = Debug;
		};
		1A9A0A7B0583298E1C04C746 /* Release */ = {
			isa = XCBuildConfiguration;
			buildSettings = {
				ASSETCATALOG_COMPILER_APPICON_NAME = AppIcon;
				ASSETCATALOG_COMPILER_LAUNCHIMAGE_NAME = LaunchImage;
				CODE_SIGN_IDENTITY = "iPhone Developer";
				"CODE_SIGN_IDENTITY[sdk=iphoneos*]" = "iPhone Developer";
				GCC_PRECOMPILE_PREFIX_HEADER = YES;
				GCC_PREFIX_HEADER = "TapTheSquare/TapTheSquare-Prefix.pch";
				INFOPLIST_FILE = "TapTheSquare/TapTheSquare-Info.plist";
				PRODUCT_NAME = "$(TARGET_NAME)";
				PROVISIONING_PROFILE = "";
				SPRITEKIT_TEXTURE_ATLAS_OUTPUT = YES;
				WRAPPER_EXTENSION = app;
			};
			name = Release;
		};
		1A9A0B51FA0EAE2078AF5103 /* Release */ = {
			isa = XCBuildConfiguration;
			buildSettings = {
				FRAMEWORK_SEARCH_PATHS = (
					"$(SDKROOT)/Developer/Library/Frameworks",
					"$(inherited)",
				);
				GCC_PRECOMPILE_PREFIX_HEADER = YES;
				GCC_PREFIX_HEADER = "TapTheSquare/TapTheSquare-Prefix.pch";
				INFOPLIST_FILE = "TapTheSquareTests/TapTheSquareTests-Info.plist";
				PRODUCT_NAME = "$(TARGET_NAME)";
				WRAPPER_EXTENSION = xctest;
			};
			name = Release;
		};
		1A9A0C903BA624E0193312C1 /* Release */ = {
			isa = XCBuildConfiguration;
			buildSettings = {
				ALWAYS_SEARCH_USER_PATHS = NO;
				CLANG_CXX_LANGUAGE_STANDARD = "gnu++0x";
				CLANG_CXX_LIBRARY = "libc++";
				CLANG_ENABLE_MODULES = YES;
				CLANG_ENABLE_OBJC_ARC = YES;
				CLANG_WARN_BOOL_CONVERSION = YES;
				CLANG_WARN_CONSTANT_CONVERSION = YES;
				CLANG_WARN_DIRECT_OBJC_ISA_USAGE = YES_ERROR;
				CLANG_WARN_EMPTY_BODY = YES;
				CLANG_WARN_ENUM_CONVERSION = YES;
				CLANG_WARN_INT_CONVERSION = YES;
				CLANG_WARN_OBJC_ROOT_CLASS = YES_ERROR;
				CLANG_WARN__DUPLICATE_METHOD_MATCH = YES;
				"CODE_SIGN_IDENTITY[sdk=iphoneos*]" = "iPhone Developer";
				COPY_PHASE_STRIP = YES;
				ENABLE_NS_ASSERTIONS = NO;
				GCC_C_LANGUAGE_STANDARD = gnu99;
				GCC_WARN_64_TO_32_BIT_CONVERSION = YES;
				GCC_WARN_ABOUT_RETURN_TYPE = YES_ERROR;
				GCC_WARN_UNDECLARED_SELECTOR = YES;
				GCC_WARN_UNINITIALIZED_AUTOS = YES_AGGRESSIVE;
				GCC_WARN_UNUSED_FUNCTION = YES;
				GCC_WARN_UNUSED_VARIABLE = YES;
				IPHONEOS_DEPLOYMENT_TARGET = 7.1;
				SDKROOT = iphoneos;
				TARGETED_DEVICE_FAMILY = "1,2";
				VALIDATE_PRODUCT = YES;
			};
			name = Release;
		};
		1A9A0D0DEC0354FC54DB54A3 /* Debug */ = {
			isa = XCBuildConfiguration;
			buildSettings = {
				ALWAYS_SEARCH_USER_PATHS = NO;
				CLANG_CXX_LANGUAGE_STANDARD = "gnu++0x";
				CLANG_CXX_LIBRARY = "libc++";
				CLANG_ENABLE_MODULES = YES;
				CLANG_ENABLE_OBJC_ARC = YES;
				CLANG_WARN_BOOL_CONVERSION = YES;
				CLANG_WARN_CONSTANT_CONVERSION = YES;
				CLANG_WARN_DIRECT_OBJC_ISA_USAGE = YES_ERROR;
				CLANG_WARN_EMPTY_BODY = YES;
				CLANG_WARN_ENUM_CONVERSION = YES;
				CLANG_WARN_INT_CONVERSION = YES;
				CLANG_WARN_OBJC_ROOT_CLASS = YES_ERROR;
				CLANG_WARN__DUPLICATE_METHOD_MATCH = YES;
				"CODE_SIGN_IDENTITY[sdk=iphoneos*]" = "iPhone Developer";
				COPY_PHASE_STRIP = NO;
				GCC_C_LANGUAGE_STANDARD = gnu99;
				GCC_DYNAMIC_NO_PIC = NO;
				GCC_OPTIMIZATION_LEVEL = 0;
				GCC_PREPROCESSOR_DEFINITIONS = (
					"DEBUG=1",
					"$(inherited)",
				);
				GCC_SYMBOLS_PRIVATE_EXTERN = NO;
				GCC_WARN_64_TO_32_BIT_CONVERSION = YES;
				GCC_WARN_ABOUT_RETURN_TYPE = YES_ERROR;
				GCC_WARN_UNDECLARED_SELECTOR = YES;
				GCC_WARN_UNINITIALIZED_AUTOS = YES_AGGRESSIVE;
				GCC_WARN_UNUSED_FUNCTION = YES;
				GCC_WARN_UNUSED_VARIABLE = YES;
				IPHONEOS_DEPLOYMENT_TARGET = 7.1;
				ONLY_ACTIVE_ARCH = YES;
				SDKROOT = iphoneos;
				TARGETED_DEVICE_FAMILY = "1,2";
			};
			name = Debug;
		};
		1A9A0F0B04B5FCF008B59B4C /* Debug */ = {
			isa = XCBuildConfiguration;
			buildSettings = {
				ASSETCATALOG_COMPILER_APPICON_NAME = AppIcon;
				ASSETCATALOG_COMPILER_LAUNCHIMAGE_NAME = LaunchImage;
				CODE_SIGN_IDENTITY = "iPhone Developer";
				"CODE_SIGN_IDENTITY[sdk=iphoneos*]" = "iPhone Developer";
				GCC_PRECOMPILE_PREFIX_HEADER = YES;
				GCC_PREFIX_HEADER = "TapTheSquare/TapTheSquare-Prefix.pch";
				INFOPLIST_FILE = "TapTheSquare/TapTheSquare-Info.plist";
				PRODUCT_NAME = "$(TARGET_NAME)";
				PROVISIONING_PROFILE = "";
				SPRITEKIT_TEXTURE_ATLAS_OUTPUT = YES;
				WRAPPER_EXTENSION = app;
			};
			name = Debug;
		};
/* End XCBuildConfiguration section */

/* Begin XCConfigurationList section */
		1A9A04C643B9DA01B3A35931 /* Build configuration list for PBXNativeTarget "TapTheSquare" */ = {
			isa = XCConfigurationList;
			buildConfigurations = (
				1A9A0F0B04B5FCF008B59B4C /* Debug */,
				1A9A0A7B0583298E1C04C746 /* Release */,
			);
			defaultConfigurationIsVisible = 0;
			defaultConfigurationName = Release;
		};
		1A9A08628813880C7D01F4E2 /* Build configuration list for PBXProject "TapTheSquare" */ = {
			isa = XCConfigurationList;
			buildConfigurations = (
				1A9A0D0DEC0354FC54DB54A3 /* Debug */,
				1A9A0C903BA624E0193312C1 /* Release */,
			);
			defaultConfigurationIsVisible = 0;
			defaultConfigurationName = Release;
		};
		1A9A0C619AB263EF3FE5A761 /* Build configuration list for PBXNativeTarget "TapTheSquareTests" */ = {
			isa = XCConfigurationList;
			buildConfigurations = (
				1A9A08516DA4A0A8D53C3DBC /* Debug */,
				1A9A0B51FA0EAE2078AF5103 /* Release */,
			);
			defaultConfigurationIsVisible = 0;
			defaultConfigurationName = Release;
		};
/* End XCConfigurationList section */
	};
	rootObject = 1A9A08F5FD39A2A45AEF9A7E /* Project object */;
}
